
Microsoft Visual Studio Solution File, Format Version 12.00
# Visual Studio Version 16
VisualStudioVersion = 16.0.31911.196
MinimumVisualStudioVersion = 10.0.40219.1
Project("{9A19103F-16F7-4668-BE54-9A1E7A4F7556}") = "Rusada API", "Rusada API\Rusada API.csproj", "{0AAC4787-2E69-439F-9607-F74E56927E64}"
EndProject
Global
	GlobalSection(SolutionConfigurationPlatforms) = preSolution
		Debug|Any CPU = Debug|Any CPU
		Release|Any CPU = Release|Any CPU
	EndGlobalSection
	GlobalSection(ProjectConfigurationPlatforms) = postSolution
		{0AAC4787-2E69-439F-9607-F74E56927E64}.Debug|Any CPU.ActiveCfg = Debug|Any CPU
		{0AAC4787-2E69-439F-9607-F74E56927E64}.Debug|Any CPU.Build.0 = Debug|Any CPU
		{0AAC4787-2E69-439F-9607-F74E56927E64}.Release|Any CPU.ActiveCfg = Release|Any CPU
		{0AAC4787-2E69-439F-9607-F74E56927E64}.Release|Any CPU.Build.0 = Release|Any CPU
	EndGlobalSection
	GlobalSection(SolutionProperties) = preSolution
		HideSolutionNode = FALSE
	EndGlobalSection
	GlobalSection(ExtensibilityGlobals) = postSolution
		SolutionGuid = {AC44D602-BC45-47F9-A71E-A1B10644E30D}
	EndGlobalSection
EndGlobal
